
Microsoft Visual Studio Solution File, Format Version 12.00
# Visual Studio 15
VisualStudioVersion = 15.0.26403.7
MinimumVisualStudioVersion = 10.0.40219.1
Project("{FAE04EC0-301F-11D3-BF4B-00C04F79EFBC}") = "Aula3107_Console", "Aula3107_Console\Aula3107_Console.csproj", "{1FE5E5A4-431E-4C4D-9199-8E93D0E5E395}"
EndProject
Project("{FAE04EC0-301F-11D3-BF4B-00C04F79EFBC}") = "Aula0208_POO", "Aula0208_POO\Aula0208_POO.csproj", "{DF37542B-99E7-4F1E-BA1E-B1F6F2AA3AA1}"
EndProject
Project("{FAE04EC0-301F-11D3-BF4B-00C04F79EFBC}") = "Calculadora_WPF", "Calculadora_WPF\Calculadora_WPF.csproj", "{9BD57CD7-C9E3-4F32-8876-1EB635F7C4FF}"
EndProject
Project("{FAE04EC0-301F-11D3-BF4B-00C04F79EFBC}") = "Aula1408_EntityFramework1", "Aula1408_EntityFramework1\Aula1408_EntityFramework1.csproj", "{D6C80A15-D115-497B-B6B5-436C19DD832A}"
EndProject
Project("{FAE04EC0-301F-11D3-BF4B-00C04F79EFBC}") = "Aula1608_EFDatabaseFirst", "Aula1608_EFDatabaseFirst\Aula1608_EFDatabaseFirst.csproj", "{B4FB9D4C-3DA5-49BF-A590-6013AA316700}"
EndProject
Project("{FAE04EC0-301F-11D3-BF4B-00C04F79EFBC}") = "Aula2108_CodeFirst", "Aula2108_CodeFirst\Aula2108_CodeFirst.csproj", "{D2D2177C-38AD-41A4-B705-499F4460FD1F}"
EndProject
Global
	GlobalSection(SolutionConfigurationPlatforms) = preSolution
		Debug|Any CPU = Debug|Any CPU
		Release|Any CPU = Release|Any CPU
	EndGlobalSection
	GlobalSection(ProjectConfigurationPlatforms) = postSolution
		{1FE5E5A4-431E-4C4D-9199-8E93D0E5E395}.Debug|Any CPU.ActiveCfg = Debug|Any CPU
		{1FE5E5A4-431E-4C4D-9199-8E93D0E5E395}.Debug|Any CPU.Build.0 = Debug|Any CPU
		{1FE5E5A4-431E-4C4D-9199-8E93D0E5E395}.Release|Any CPU.ActiveCfg = Release|Any CPU
		{1FE5E5A4-431E-4C4D-9199-8E93D0E5E395}.Release|Any CPU.Build.0 = Release|Any CPU
		{DF37542B-99E7-4F1E-BA1E-B1F6F2AA3AA1}.Debug|Any CPU.ActiveCfg = Debug|Any CPU
		{DF37542B-99E7-4F1E-BA1E-B1F6F2AA3AA1}.Debug|Any CPU.Build.0 = Debug|Any CPU
		{DF37542B-99E7-4F1E-BA1E-B1F6F2AA3AA1}.Release|Any CPU.ActiveCfg = Release|Any CPU
		{DF37542B-99E7-4F1E-BA1E-B1F6F2AA3AA1}.Release|Any CPU.Build.0 = Release|Any CPU
		{9BD57CD7-C9E3-4F32-8876-1EB635F7C4FF}.Debug|Any CPU.ActiveCfg = Debug|Any CPU
		{9BD57CD7-C9E3-4F32-8876-1EB635F7C4FF}.Debug|Any CPU.Build.0 = Debug|Any CPU
		{9BD57CD7-C9E3-4F32-8876-1EB635F7C4FF}.Release|Any CPU.ActiveCfg = Release|Any CPU
		{9BD57CD7-C9E3-4F32-8876-1EB635F7C4FF}.Release|Any CPU.Build.0 = Release|Any CPU
		{D6C80A15-D115-497B-B6B5-436C19DD832A}.Debug|Any CPU.ActiveCfg = Debug|Any CPU
		{D6C80A15-D115-497B-B6B5-436C19DD832A}.Debug|Any CPU.Build.0 = Debug|Any CPU
		{D6C80A15-D115-497B-B6B5-436C19DD832A}.Release|Any CPU.ActiveCfg = Release|Any CPU
		{D6C80A15-D115-497B-B6B5-436C19DD832A}.Release|Any CPU.Build.0 = Release|Any CPU
		{B4FB9D4C-3DA5-49BF-A590-6013AA316700}.Debug|Any CPU.ActiveCfg = Debug|Any CPU
		{B4FB9D4C-3DA5-49BF-A590-6013AA316700}.Debug|Any CPU.Build.0 = Debug|Any CPU
		{B4FB9D4C-3DA5-49BF-A590-6013AA316700}.Release|Any CPU.ActiveCfg = Release|Any CPU
		{B4FB9D4C-3DA5-49BF-A590-6013AA316700}.Release|Any CPU.Build.0 = Release|Any CPU
		{D2D2177C-38AD-41A4-B705-499F4460FD1F}.Debug|Any CPU.ActiveCfg = Debug|Any CPU
		{D2D2177C-38AD-41A4-B705-499F4460FD1F}.Debug|Any CPU.Build.0 = Debug|Any CPU
		{D2D2177C-38AD-41A4-B705-499F4460FD1F}.Release|Any CPU.ActiveCfg = Release|Any CPU
		{D2D2177C-38AD-41A4-B705-499F4460FD1F}.Release|Any CPU.Build.0 = Release|Any CPU
	EndGlobalSection
	GlobalSection(SolutionProperties) = preSolution
		HideSolutionNode = FALSE
	EndGlobalSection
	GlobalSection(ExtensibilityGlobals) = postSolution
		SolutionGuid = {60CA5308-3BBE-4491-A091-B4AD70632E2D}
	EndGlobalSection
EndGlobal
